dependencies:
- name: postgresql
  repository: https://charts.bitnami.com/bitnami
  version: 12.12.10
- name: redis
  repository: https://charts.bitnami.com/bitnami
  version: 17.17.1
- name: smart-contract-verifier-http
  repository: https://ethpandaops.github.io/ethereum-helm-charts
  version: 0.1.2
digest: sha256:b443273bd9ed312a01a51c8f63c7ed92e01ecded975e21e94c9e2de22d31d619
generated: "2025-01-22T13:24:12.8050282+01:00"
